
Microsoft Visual Studio Solution File, Format Version 12.00
# Visual Studio 14
VisualStudioVersion = 14.0.23107.0
MinimumVisualStudioVersion = 10.0.40219.1
Project("{FAE04EC0-301F-11D3-BF4B-00C04F79EFBC}") = "COMP123-S2017-Lesson9", "COMP123-S2017-Lesson9\COMP123-S2017-Lesson9.csproj", "{5BD1E391-1CE1-483E-9889-CBA5E3FFE9F2}"
EndProject
Global
	GlobalSection(SolutionConfigurationPlatforms) = preSolution
		Debug|Any CPU = Debug|Any CPU
		Release|Any CPU = Release|Any CPU
	EndGlobalSection
	GlobalSection(ProjectConfigurationPlatforms) = postSolution
		{5BD1E391-1CE1-483E-9889-CBA5E3FFE9F2}.Debug|Any CPU.ActiveCfg = Debug|Any CPU
		{5BD1E391-1CE1-483E-9889-CBA5E3FFE9F2}.Debug|Any CPU.Build.0 = Debug|Any CPU
		{5BD1E391-1CE1-483E-9889-CBA5E3FFE9F2}.Release|Any CPU.ActiveCfg = Release|Any CPU
		{5BD1E391-1CE1-483E-9889-CBA5E3FFE9F2}.Release|Any CPU.Build.0 = Release|Any CPU
	EndGlobalSection
	GlobalSection(SolutionProperties) = preSolution
		HideSolutionNode = FALSE
	EndGlobalSection
EndGlobal
